
Microsoft Visual Studio Solution File, Format Version 12.00
# Visual Studio Version 16
VisualStudioVersion = 16.0.32802.440
MinimumVisualStudioVersion = 10.0.40219.1
Project("{FAE04EC0-301F-11D3-BF4B-00C04F79EFBC}") = "Szemetes", "Szemetes\Szemetes.csproj", "{4F228603-6E35-45E4-9631-041F838D855C}"
EndProject
Global
	GlobalSection(SolutionConfigurationPlatforms) = preSolution
		Debug|Any CPU = Debug|Any CPU
		Release|Any CPU = Release|Any CPU
	EndGlobalSection
	GlobalSection(ProjectConfigurationPlatforms) = postSolution
		{4F228603-6E35-45E4-9631-041F838D855C}.Debug|Any CPU.ActiveCfg = Debug|Any CPU
		{4F228603-6E35-45E4-9631-041F838D855C}.Debug|Any CPU.Build.0 = Debug|Any CPU
		{4F228603-6E35-45E4-9631-041F838D855C}.Release|Any CPU.ActiveCfg = Release|Any CPU
		{4F228603-6E35-45E4-9631-041F838D855C}.Release|Any CPU.Build.0 = Release|Any CPU
	EndGlobalSection
	GlobalSection(SolutionProperties) = preSolution
		HideSolutionNode = FALSE
	EndGlobalSection
	GlobalSection(ExtensibilityGlobals) = postSolution
		SolutionGuid = {D8F388D5-6323-4643-BFD7-CA1F36C561A1}
	EndGlobalSection
EndGlobal
